{
  "name": "mgpbot",
  "version": "1.0.0",
  "lockfileVersion": 3,
  "requires": true,
  "packages": {
    "": {
      "name": "mgpbot",
      "version": "1.0.0",
      "license": "ISC",
      "dependencies": {
        "dotenv": "^16.4.5",
        "wiki-saikou": "^3.4.0"
      }
    },
    "node_modules/@vue/reactivity": {
      "version": "3.5.12",
      "resolved": "https://registry.npmjs.org/@vue/reactivity/-/reactivity-3.5.12.tgz",
      "integrity": "sha512-UzaN3Da7xnJXdz4Okb/BGbAaomRHc3RdoWqTzlvd9+WBR5m3J39J1fGcHes7U3za0ruYn/iYy/a1euhMEHvTAg==",
      "license": "MIT",
      "dependencies": {
        "@vue/shared": "3.5.12"
      }
    },
    "node_modules/@vue/shared": {
      "version": "3.5.12",
      "resolved": "https://registry.npmjs.org/@vue/shared/-/shared-3.5.12.tgz",
      "integrity": "sha512-L2RPSAwUFbgZH20etwrXyVyCBu9OxRSi8T/38QsvnkJyvq2LufW2lDCOzm7t/U9C1mkhJGWYfCuFBCmIuNivrg==",
      "license": "MIT"
    },
    "node_modules/dotenv": {
      "version": "16.4.5",
      "resolved": "https://registry.npmjs.org/dotenv/-/dotenv-16.4.5.tgz",
      "integrity": "sha512-ZmdL2rui+eB2YwhsWzjInR8LldtZHGDoQ1ugH85ppHKwpUHL7j7rN0Ti9NCnGiQbhaZ11FpR+7ao1dNsmduNUg==",
      "license": "BSD-2-Clause",
      "engines": {
        "node": ">=12"
      },
      "funding": {
        "url": "https://dotenvx.com"
      }
    },
    "node_modules/fexios": {
      "version": "1.7.1",
      "resolved": "https://registry.npmjs.org/fexios/-/fexios-1.7.1.tgz",
      "integrity": "sha512-rVbeaHQBCqpWfKLFEkSwXiONu4f8QdwIGXZp9JhsVwG+EksyjsgcCWXzL43I8wexSciVATXL+usk/pigEeCpDg==",
      "license": "MIT",
      "dependencies": {
        "tslib": "^2.6.3"
      },
      "engines": {
        "node": "^16.15.0 || >=18.0.0"
      }
    },
    "node_modules/tslib": {
      "version": "2.8.0",
      "resolved": "https://registry.npmjs.org/tslib/-/tslib-2.8.0.tgz",
      "integrity": "sha512-jWVzBLplnCmoaTr13V9dYbiQ99wvZRd0vNWaDRg+aVYRcjDF3nDksxFDE/+fkXnKhpnUUkmx5pK/v8mCtLVqZA==",
      "license": "0BSD"
    },
    "node_modules/wiki-saikou": {
      "version": "3.4.0",
      "resolved": "https://registry.npmjs.org/wiki-saikou/-/wiki-saikou-3.4.0.tgz",
      "integrity": "sha512-Lp6UrM2LqmZWCLxO2h0idhUEf7KiVpwpML3fLtkrqSFcXwjWOlWkkhKR1j7voSHbQpWy9pL1kLFoXfYCMfVeDA==",
      "license": "MIT",
      "dependencies": {
        "@vue/reactivity": "^3.5.8",
        "fexios": "^1.7.1",
        "tslib": "^2.7.0"
      }
    }
  }
}
